
Microsoft Visual Studio Solution File, Format Version 12.00
# Visual Studio 2013
VisualStudioVersion = 12.0.31101.0
MinimumVisualStudioVersion = 10.0.40219.1
Project("{FAE04EC0-301F-11D3-BF4B-00C04F79EFBC}") = "HttpServer", "HttpServer\HttpServer.csproj", "{546630F7-3F1E-496E-B537-2F5EBEDFEC9D}"
EndProject
Project("{FAE04EC0-301F-11D3-BF4B-00C04F79EFBC}") = "HttpServerUI", "HttpServerUI\HttpServerUI.csproj", "{E66589FE-1631-4328-B593-C61445F2FAA3}"
EndProject
Global
	GlobalSection(SolutionConfigurationPlatforms) = preSolution
		Debug|Any CPU = Debug|Any CPU
		Release|Any CPU = Release|Any CPU
	EndGlobalSection
	GlobalSection(ProjectConfigurationPlatforms) = postSolution
		{546630F7-3F1E-496E-B537-2F5EBEDFEC9D}.Debug|Any CPU.ActiveCfg = Debug|Any CPU
		{546630F7-3F1E-496E-B537-2F5EBEDFEC9D}.Debug|Any CPU.Build.0 = Debug|Any CPU
		{546630F7-3F1E-496E-B537-2F5EBEDFEC9D}.Release|Any CPU.ActiveCfg = Release|Any CPU
		{546630F7-3F1E-496E-B537-2F5EBEDFEC9D}.Release|Any CPU.Build.0 = Release|Any CPU
		{E66589FE-1631-4328-B593-C61445F2FAA3}.Debug|Any CPU.ActiveCfg = Debug|Any CPU
		{E66589FE-1631-4328-B593-C61445F2FAA3}.Debug|Any CPU.Build.0 = Debug|Any CPU
		{E66589FE-1631-4328-B593-C61445F2FAA3}.Release|Any CPU.ActiveCfg = Release|Any CPU
		{E66589FE-1631-4328-B593-C61445F2FAA3}.Release|Any CPU.Build.0 = Release|Any CPU
	EndGlobalSection
	GlobalSection(SolutionProperties) = preSolution
		HideSolutionNode = FALSE
	EndGlobalSection
EndGlobal
